
Microsoft Visual Studio Solution File, Format Version 12.00
# Visual Studio 15
VisualStudioVersion = 15.0.28307.136
MinimumVisualStudioVersion = 10.0.40219.1
Project("{FAE04EC0-301F-11D3-BF4B-00C04F79EFBC}") = "Converter_CM", "Converter_CM\Converter_CM.csproj", "{FB9DF702-6B24-4C07-8488-AE937440A4B5}"
EndProject
Global
	GlobalSection(SolutionConfigurationPlatforms) = preSolution
		Debug|Any CPU = Debug|Any CPU
		Release|Any CPU = Release|Any CPU
	EndGlobalSection
	GlobalSection(ProjectConfigurationPlatforms) = postSolution
		{FB9DF702-6B24-4C07-8488-AE937440A4B5}.Debug|Any CPU.ActiveCfg = Debug|Any CPU
		{FB9DF702-6B24-4C07-8488-AE937440A4B5}.Debug|Any CPU.Build.0 = Debug|Any CPU
		{FB9DF702-6B24-4C07-8488-AE937440A4B5}.Release|Any CPU.ActiveCfg = Release|Any CPU
		{FB9DF702-6B24-4C07-8488-AE937440A4B5}.Release|Any CPU.Build.0 = Release|Any CPU
	EndGlobalSection
	GlobalSection(SolutionProperties) = preSolution
		HideSolutionNode = FALSE
	EndGlobalSection
	GlobalSection(ExtensibilityGlobals) = postSolution
		SolutionGuid = {2C25B535-F48E-4D7C-BD49-1D3BD3E14736}
	EndGlobalSection
EndGlobal
